
Microsoft Visual Studio Solution File, Format Version 12.00
# Visual Studio 15
Project("{FAE04EC0-301F-11D3-BF4B-00C04F79EFBC}") = "Scryber.Core.Samples.Web", "Scryber.Core.Samples.Web\Scryber.Core.Samples.Web.csproj", "{4AA8592E-6E35-4AB4-A59F-10EECCBFA54E}"
EndProject
Global
	GlobalSection(SolutionConfigurationPlatforms) = preSolution
		Debug|Any CPU = Debug|Any CPU
		Release|Any CPU = Release|Any CPU
	EndGlobalSection
	GlobalSection(ProjectConfigurationPlatforms) = postSolution
		{4AA8592E-6E35-4AB4-A59F-10EECCBFA54E}.Debug|Any CPU.ActiveCfg = Debug|Any CPU
		{4AA8592E-6E35-4AB4-A59F-10EECCBFA54E}.Debug|Any CPU.Build.0 = Debug|Any CPU
		{4AA8592E-6E35-4AB4-A59F-10EECCBFA54E}.Release|Any CPU.ActiveCfg = Release|Any CPU
		{4AA8592E-6E35-4AB4-A59F-10EECCBFA54E}.Release|Any CPU.Build.0 = Release|Any CPU
	EndGlobalSection
EndGlobal
